# @generated - this file is auto-generated by `mise lock` https://mise.jdx.dev/dev-tools/mise-lock.html

[[tools.cspell]]
version = "10.0.1"
backend = "npm:cspell"

[[tools."nix:playwright-test"]]
version = "1.57.0"
backend = "nix:playwright-test"

[[tools."nix:postgresql_18"]]
version = "18.4"
backend = "nix:postgresql_18"
